
Microsoft Visual Studio Solution File, Format Version 12.00
# Visual Studio 15
VisualStudioVersion = 15.0.27130.2026
MinimumVisualStudioVersion = 10.0.40219.1
Project("{8BC9CEB8-8B4A-11D0-8D11-00A0C91BC942}") = "TV", "TV\TV.vcxproj", "{2369C4D4-F00D-4678-9CA4-F84AD84F3560}"
EndProject
Global
	GlobalSection(SolutionConfigurationPlatforms) = preSolution
		Debug|x64 = Debug|x64
		Debug|x86 = Debug|x86
		Release|x64 = Release|x64
		Release|x86 = Release|x86
	EndGlobalSection
	GlobalSection(ProjectConfigurationPlatforms) = postSolution
		{2369C4D4-F00D-4678-9CA4-F84AD84F3560}.Debug|x64.ActiveCfg = Debug|x64
		{2369C4D4-F00D-4678-9CA4-F84AD84F3560}.Debug|x64.Build.0 = Debug|x64
		{2369C4D4-F00D-4678-9CA4-F84AD84F3560}.Debug|x86.ActiveCfg = Debug|Win32
		{2369C4D4-F00D-4678-9CA4-F84AD84F3560}.Debug|x86.Build.0 = Debug|Win32
		{2369C4D4-F00D-4678-9CA4-F84AD84F3560}.Release|x64.ActiveCfg = Release|x64
		{2369C4D4-F00D-4678-9CA4-F84AD84F3560}.Release|x64.Build.0 = Release|x64
		{2369C4D4-F00D-4678-9CA4-F84AD84F3560}.Release|x86.ActiveCfg = Release|Win32
		{2369C4D4-F00D-4678-9CA4-F84AD84F3560}.Release|x86.Build.0 = Release|Win32
	EndGlobalSection
	GlobalSection(SolutionProperties) = preSolution
		HideSolutionNode = FALSE
	EndGlobalSection
	GlobalSection(ExtensibilityGlobals) = postSolution
		SolutionGuid = {FBA75060-468C-4A50-B7E0-806FE556036F}
	EndGlobalSection
EndGlobal
